<Solution>
  <Folder Name="/Solution Items/">
    <File Path=".editorconfig" />
    <File Path=".gitattributes" />
    <File Path="AGENTS.md" />
    <File Path="Directory.Build.props" />
    <File Path="Directory.Packages.props" />
    <File Path="README.md" />
    <File Path="docker-compose.yml" />
    <File Path="docs/mvp.md" />
    <File Path="docs/product.md" />
    <File Path="global.json" />
  </Folder>
  <Folder Name="/src/">
    <Project Path="src/ServerPilot.Agent/ServerPilot.Agent.csproj" />
    <Project Path="src/ServerPilot.Api/ServerPilot.Api.csproj" />
    <Project Path="src/ServerPilot.Application/ServerPilot.Application.csproj" />
    <Project Path="src/ServerPilot.Domain/ServerPilot.Domain.csproj" />
    <Project Path="src/ServerPilot.Infrastructure/ServerPilot.Infrastructure.csproj" />
  </Folder>
  <Folder Name="/tests/">
    <Project Path="tests/ServerPilot.IntegrationTests/ServerPilot.IntegrationTests.csproj" />
    <Project Path="tests/ServerPilot.UnitTests/ServerPilot.UnitTests.csproj" />
  </Folder>
</Solution>
